{
  "version": "5",
  "specifiers": {
    "jsr:@chapeaux/cpx-store@~0.7.4": "0.7.4",
    "jsr:@std/assert@1": "1.0.19",
    "jsr:@std/internal@^1.0.12": "1.0.12",
    "npm:@rhds/tokens@^3.1.0": "3.1.0_lit@3.3.2"
  },
  "jsr": {
    "@chapeaux/cpx-store@0.7.4": {
      "integrity": "107ecde5e4f41bfa07989e4160da552157c2633de030ecfc5e2644d00418dcf5"
    },
    "@std/assert@1.0.19": {
      "integrity": "eaada96ee120cb980bc47e040f82814d786fe8162ecc53c91d8df60b8755991e",
      "dependencies": [
        "jsr:@std/internal"
      ]
    },
    "@std/internal@1.0.12": {
      "integrity": "972a634fd5bc34b242024402972cd5143eac68d8dffaca5eaa4dba30ce17b027"
    }
  },
  "npm": {
    "@lit-labs/ssr-dom-shim@1.5.1": {
      "integrity": "sha512-Aou5UdlSpr5whQe8AA/bZG0jMj96CoJIWbGfZ91qieWu5AWUMKw8VR/pAkQkJYvBNhmCcWnZlyyk5oze8JIqYA=="
    },
    "@lit/reactive-element@2.1.2": {
      "integrity": "sha512-pbCDiVMnne1lYUIaYNN5wrwQXDtHaYtg7YEFPeW+hws6U47WeFvISGUWekPGKWOP1ygrs0ef0o1VJMk1exos5A==",
      "dependencies": [
        "@lit-labs/ssr-dom-shim"
      ]
    },
    "@rhds/tokens@3.1.0_lit@3.3.2": {
      "integrity": "sha512-3882A1S2lPbjFMFRT6SnAY4yUFwwtWgwwPOkugPwtV48JaFDt+4NzkjjyxniuUZ5rGcooLQe8yDNO19/vyY8jQ==",
      "dependencies": [
        "lit"
      ]
    },
    "@types/trusted-types@2.0.7": {
      "integrity": "sha512-ScaPdn1dQczgbl0QFTeTOmVHFULt394XJgOQNoyVhZ6r2vLnMLJfBPd53SB52T/3G36VI1/g2MZaX0cwDuXsfw=="
    },
    "lit-element@4.2.2": {
      "integrity": "sha512-aFKhNToWxoyhkNDmWZwEva2SlQia+jfG0fjIWV//YeTaWrVnOxD89dPKfigCUspXFmjzOEUQpOkejH5Ly6sG0w==",
      "dependencies": [
        "@lit-labs/ssr-dom-shim",
        "@lit/reactive-element",
        "lit-html"
      ]
    },
    "lit-html@3.3.2": {
      "integrity": "sha512-Qy9hU88zcmaxBXcc10ZpdK7cOLXvXpRoBxERdtqV9QOrfpMZZ6pSYP91LhpPtap3sFMUiL7Tw2RImbe0Al2/kw==",
      "dependencies": [
        "@types/trusted-types"
      ]
    },
    "lit@3.3.2": {
      "integrity": "sha512-NF9zbsP79l4ao2SNrH3NkfmFgN/hBYSQo90saIVI1o5GpjAdCPVstVzO1MrLOakHoEhYkrtRjPK6Ob521aoYWQ==",
      "dependencies": [
        "@lit/reactive-element",
        "lit-element",
        "lit-html"
      ]
    }
  },
  "workspace": {
    "dependencies": [
      "jsr:@chapeaux/cpx-store@~0.7.4",
      "jsr:@std/assert@1",
      "npm:@rhds/tokens@^3.1.0"
    ]
  }
}
